
Microsoft Visual Studio Solution File, Format Version 12.00
# Visual Studio Version 16
VisualStudioVersion = 16.0.31321.278
MinimumVisualStudioVersion = 10.0.40219.1
Project("{FAE04EC0-301F-11D3-BF4B-00C04F79EFBC}") = "HNUE.EXAM.UNIVERSITY", "HNUE.EXAM.UNIVERSITY\HNUE.EXAM.UNIVERSITY.csproj", "{F3A888B3-F8A2-44E2-B38C-79C9B7BE850E}"
EndProject
Project("{FAE04EC0-301F-11D3-BF4B-00C04F79EFBC}") = "HNUE.EXAM.ApplicationCore", "HNUE.Core\HNUE.EXAM.ApplicationCore.csproj", "{F54110DE-6A50-4A52-A31A-9BB9B9A1892E}"
EndProject
Project("{FAE04EC0-301F-11D3-BF4B-00C04F79EFBC}") = "HNUE.EXAM.Infastructure", "HNUE.EXAM.Infastructure\HNUE.EXAM.Infastructure.csproj", "{76CA94F7-3362-470B-B441-B5C3435BBF9B}"
EndProject
Global
	GlobalSection(SolutionConfigurationPlatforms) = preSolution
		Debug|Any CPU = Debug|Any CPU
		Release|Any CPU = Release|Any CPU
	EndGlobalSection
	GlobalSection(ProjectConfigurationPlatforms) = postSolution
		{F3A888B3-F8A2-44E2-B38C-79C9B7BE850E}.Debug|Any CPU.ActiveCfg = Debug|Any CPU
		{F3A888B3-F8A2-44E2-B38C-79C9B7BE850E}.Debug|Any CPU.Build.0 = Debug|Any CPU
		{F3A888B3-F8A2-44E2-B38C-79C9B7BE850E}.Release|Any CPU.ActiveCfg = Release|Any CPU
		{F3A888B3-F8A2-44E2-B38C-79C9B7BE850E}.Release|Any CPU.Build.0 = Release|Any CPU
		{F54110DE-6A50-4A52-A31A-9BB9B9A1892E}.Debug|Any CPU.ActiveCfg = Debug|Any CPU
		{F54110DE-6A50-4A52-A31A-9BB9B9A1892E}.Debug|Any CPU.Build.0 = Debug|Any CPU
		{F54110DE-6A50-4A52-A31A-9BB9B9A1892E}.Release|Any CPU.ActiveCfg = Release|Any CPU
		{F54110DE-6A50-4A52-A31A-9BB9B9A1892E}.Release|Any CPU.Build.0 = Release|Any CPU
		{76CA94F7-3362-470B-B441-B5C3435BBF9B}.Debug|Any CPU.ActiveCfg = Debug|Any CPU
		{76CA94F7-3362-470B-B441-B5C3435BBF9B}.Debug|Any CPU.Build.0 = Debug|Any CPU
		{76CA94F7-3362-470B-B441-B5C3435BBF9B}.Release|Any CPU.ActiveCfg = Release|Any CPU
		{76CA94F7-3362-470B-B441-B5C3435BBF9B}.Release|Any CPU.Build.0 = Release|Any CPU
	EndGlobalSection
	GlobalSection(SolutionProperties) = preSolution
		HideSolutionNode = FALSE
	EndGlobalSection
	GlobalSection(ExtensibilityGlobals) = postSolution
		SolutionGuid = {4CE24A74-87B2-468B-8677-39DEBC14F6BD}
	EndGlobalSection
EndGlobal
