
Microsoft Visual Studio Solution File, Format Version 12.00
# Visual Studio Version 16
VisualStudioVersion = 16.0.31321.278
MinimumVisualStudioVersion = 10.0.40219.1
Project("{9A19103F-16F7-4668-BE54-9A1E7A4F7556}") = "MISA.AMIS.Web", "MISA.AMIS.Web\MISA.AMIS.Web.csproj", "{B6E5493E-44B4-486C-A7B5-349070F65D39}"
EndProject
Project("{9A19103F-16F7-4668-BE54-9A1E7A4F7556}") = "MISA.Infastructure", "MISA.Infastructure\MISA.Infastructure.csproj", "{AD682D96-80CB-406C-AB1E-2D2B87E0166A}"
EndProject
Project("{9A19103F-16F7-4668-BE54-9A1E7A4F7556}") = "MISA.ApplicationCore", "MISA.ApplicationCore\MISA.ApplicationCore.csproj", "{42088DCF-BD9F-48C0-9366-E49E8165D6A5}"
EndProject
Project("{2150E333-8FDC-42A3-9474-1A3956D46DE8}") = "Solution Items", "Solution Items", "{D6FC336F-3A15-4A8C-B177-3181C1C35C69}"
	ProjectSection(SolutionItems) = preProject
		.editorconfig = .editorconfig
	EndProjectSection
EndProject
Global
	GlobalSection(SolutionConfigurationPlatforms) = preSolution
		Debug|Any CPU = Debug|Any CPU
		Release|Any CPU = Release|Any CPU
	EndGlobalSection
	GlobalSection(ProjectConfigurationPlatforms) = postSolution
		{B6E5493E-44B4-486C-A7B5-349070F65D39}.Debug|Any CPU.ActiveCfg = Debug|Any CPU
		{B6E5493E-44B4-486C-A7B5-349070F65D39}.Debug|Any CPU.Build.0 = Debug|Any CPU
		{B6E5493E-44B4-486C-A7B5-349070F65D39}.Release|Any CPU.ActiveCfg = Release|Any CPU
		{B6E5493E-44B4-486C-A7B5-349070F65D39}.Release|Any CPU.Build.0 = Release|Any CPU
		{AD682D96-80CB-406C-AB1E-2D2B87E0166A}.Debug|Any CPU.ActiveCfg = Debug|Any CPU
		{AD682D96-80CB-406C-AB1E-2D2B87E0166A}.Debug|Any CPU.Build.0 = Debug|Any CPU
		{AD682D96-80CB-406C-AB1E-2D2B87E0166A}.Release|Any CPU.ActiveCfg = Release|Any CPU
		{AD682D96-80CB-406C-AB1E-2D2B87E0166A}.Release|Any CPU.Build.0 = Release|Any CPU
		{42088DCF-BD9F-48C0-9366-E49E8165D6A5}.Debug|Any CPU.ActiveCfg = Debug|Any CPU
		{42088DCF-BD9F-48C0-9366-E49E8165D6A5}.Debug|Any CPU.Build.0 = Debug|Any CPU
		{42088DCF-BD9F-48C0-9366-E49E8165D6A5}.Release|Any CPU.ActiveCfg = Release|Any CPU
		{42088DCF-BD9F-48C0-9366-E49E8165D6A5}.Release|Any CPU.Build.0 = Release|Any CPU
	EndGlobalSection
	GlobalSection(SolutionProperties) = preSolution
		HideSolutionNode = FALSE
	EndGlobalSection
	GlobalSection(ExtensibilityGlobals) = postSolution
		SolutionGuid = {001FB8B9-2B3C-4859-935F-FEFFDF9B4A9A}
	EndGlobalSection
EndGlobal
